
Microsoft Visual Studio Solution File, Format Version 11.00
# Visual Studio 2010
Project("{FAE04EC0-301F-11D3-BF4B-00C04F79EFBC}") = "Jurassic", "..\Jurassic\Jurassic.csproj", "{2CE5502D-8710-4BE3-9D90-201D526904B3}"
EndProject
Project("{FAE04EC0-301F-11D3-BF4B-00C04F79EFBC}") = "JuraScriptLibrary", "..\JuraScriptLibrary\JuraScriptLibrary.csproj", "{6DC8C5C9-BF2E-470A-91AC-6B5D629D281E}"
EndProject
Project("{FAE04EC0-301F-11D3-BF4B-00C04F79EFBC}") = "JuraScript", "JuraScript.csproj", "{634F9CE0-12B2-4FF8-9DF4-71AC3BA42C3A}"
EndProject
Project("{54435603-DBB4-11D2-8724-00A0C9A8B90C}") = "JuraScriptSetup", "..\JuraScriptSetup\JuraScriptSetup.vdproj", "{47EE106D-6B4E-4483-89C6-9BCB026F3354}"
EndProject
Project("{FAE04EC0-301F-11D3-BF4B-00C04F79EFBC}") = "JuraScript.Tests", "JuraScript.Tests\JuraScript.Tests.csproj", "{3F8ACFD5-6A5B-4558-8E6A-115914DD451E}"
EndProject
Project("{2150E333-8FDC-42A3-9474-1A3956D46DE8}") = "Solution Items", "Solution Items", "{7BEE47A5-508B-4A26-8AD9-65D1B72C4F37}"
	ProjectSection(SolutionItems) = preProject
		JuraScript.vsmdi = JuraScript.vsmdi
		Local.testsettings = Local.testsettings
		TraceAndTestImpact.testsettings = TraceAndTestImpact.testsettings
	EndProjectSection
EndProject
Project("{FAE04EC0-301F-11D3-BF4B-00C04F79EFBC}") = "JuraScript.CommonJS.Tests", "JuraScript.CommonJS.Tests\JuraScript.CommonJS.Tests.csproj", "{25E07878-D074-49F0-B730-8849211E772A}"
EndProject
Global
	GlobalSection(TeamFoundationVersionControl) = preSolution
		SccNumberOfProjects = 7
		SccEnterpriseProvider = {4CA58AB2-18FA-4F8D-95D4-32DDF27D184C}
		SccTeamFoundationServer = https://tfs.codeplex.com/tfs/tfs28
		SccLocalPath0 = .
		SccProjectUniqueName1 = ..\\Jurassic\\Jurassic.csproj
		SccProjectName1 = ../Jurassic
		SccLocalPath1 = ..\\Jurassic
		SccProjectUniqueName2 = ..\\JuraScriptLibrary\\JuraScriptLibrary.csproj
		SccProjectName2 = ../JuraScriptLibrary
		SccLocalPath2 = ..\\JuraScriptLibrary
		SccProjectUniqueName3 = JuraScript.csproj
		SccLocalPath3 = .
		SccProjectUniqueName4 = ..\\JuraScriptSetup\\JuraScriptSetup.vdproj
		SccProjectName4 = ../JuraScriptSetup
		SccLocalPath4 = ..\\JuraScriptSetup
		SccProjectUniqueName5 = JuraScript.Tests\\JuraScript.Tests.csproj
		SccProjectName5 = JuraScript.Tests
		SccLocalPath5 = JuraScript.Tests
		SccProjectUniqueName6 = JuraScript.CommonJS.Tests\\JuraScript.CommonJS.Tests.csproj
		SccProjectName6 = JuraScript.CommonJS.Tests
		SccLocalPath6 = JuraScript.CommonJS.Tests
	EndGlobalSection
	GlobalSection(TestCaseManagementSettings) = postSolution
		CategoryFile = JuraScript.vsmdi
	EndGlobalSection
	GlobalSection(SolutionConfigurationPlatforms) = preSolution
		Debug|Any CPU = Debug|Any CPU
		Debug|Mixed Platforms = Debug|Mixed Platforms
		Debug|x86 = Debug|x86
		Release|Any CPU = Release|Any CPU
		Release|Mixed Platforms = Release|Mixed Platforms
		Release|x86 = Release|x86
	EndGlobalSection
	GlobalSection(ProjectConfigurationPlatforms) = postSolution
		{2CE5502D-8710-4BE3-9D90-201D526904B3}.Debug|Any CPU.ActiveCfg = Debug|Any CPU
		{2CE5502D-8710-4BE3-9D90-201D526904B3}.Debug|Any CPU.Build.0 = Debug|Any CPU
		{2CE5502D-8710-4BE3-9D90-201D526904B3}.Debug|Mixed Platforms.ActiveCfg = Debug|Any CPU
		{2CE5502D-8710-4BE3-9D90-201D526904B3}.Debug|Mixed Platforms.Build.0 = Debug|Any CPU
		{2CE5502D-8710-4BE3-9D90-201D526904B3}.Debug|x86.ActiveCfg = Debug|Any CPU
		{2CE5502D-8710-4BE3-9D90-201D526904B3}.Release|Any CPU.ActiveCfg = Release|Any CPU
		{2CE5502D-8710-4BE3-9D90-201D526904B3}.Release|Any CPU.Build.0 = Release|Any CPU
		{2CE5502D-8710-4BE3-9D90-201D526904B3}.Release|Mixed Platforms.ActiveCfg = Release|Any CPU
		{2CE5502D-8710-4BE3-9D90-201D526904B3}.Release|Mixed Platforms.Build.0 = Release|Any CPU
		{2CE5502D-8710-4BE3-9D90-201D526904B3}.Release|x86.ActiveCfg = Release|Any CPU
		{6DC8C5C9-BF2E-470A-91AC-6B5D629D281E}.Debug|Any CPU.ActiveCfg = Debug|Any CPU
		{6DC8C5C9-BF2E-470A-91AC-6B5D629D281E}.Debug|Any CPU.Build.0 = Debug|Any CPU
		{6DC8C5C9-BF2E-470A-91AC-6B5D629D281E}.Debug|Mixed Platforms.ActiveCfg = Debug|Any CPU
		{6DC8C5C9-BF2E-470A-91AC-6B5D629D281E}.Debug|Mixed Platforms.Build.0 = Debug|Any CPU
		{6DC8C5C9-BF2E-470A-91AC-6B5D629D281E}.Debug|x86.ActiveCfg = Debug|Any CPU
		{6DC8C5C9-BF2E-470A-91AC-6B5D629D281E}.Release|Any CPU.ActiveCfg = Release|Any CPU
		{6DC8C5C9-BF2E-470A-91AC-6B5D629D281E}.Release|Any CPU.Build.0 = Release|Any CPU
		{6DC8C5C9-BF2E-470A-91AC-6B5D629D281E}.Release|Mixed Platforms.ActiveCfg = Release|Any CPU
		{6DC8C5C9-BF2E-470A-91AC-6B5D629D281E}.Release|Mixed Platforms.Build.0 = Release|Any CPU
		{6DC8C5C9-BF2E-470A-91AC-6B5D629D281E}.Release|x86.ActiveCfg = Release|Any CPU
		{634F9CE0-12B2-4FF8-9DF4-71AC3BA42C3A}.Debug|Any CPU.ActiveCfg = Debug|x86
		{634F9CE0-12B2-4FF8-9DF4-71AC3BA42C3A}.Debug|Mixed Platforms.ActiveCfg = Debug|x86
		{634F9CE0-12B2-4FF8-9DF4-71AC3BA42C3A}.Debug|Mixed Platforms.Build.0 = Debug|x86
		{634F9CE0-12B2-4FF8-9DF4-71AC3BA42C3A}.Debug|x86.ActiveCfg = Debug|x86
		{634F9CE0-12B2-4FF8-9DF4-71AC3BA42C3A}.Debug|x86.Build.0 = Debug|x86
		{634F9CE0-12B2-4FF8-9DF4-71AC3BA42C3A}.Release|Any CPU.ActiveCfg = Release|x86
		{634F9CE0-12B2-4FF8-9DF4-71AC3BA42C3A}.Release|Mixed Platforms.ActiveCfg = Release|x86
		{634F9CE0-12B2-4FF8-9DF4-71AC3BA42C3A}.Release|Mixed Platforms.Build.0 = Release|x86
		{634F9CE0-12B2-4FF8-9DF4-71AC3BA42C3A}.Release|x86.ActiveCfg = Release|x86
		{634F9CE0-12B2-4FF8-9DF4-71AC3BA42C3A}.Release|x86.Build.0 = Release|x86
		{47EE106D-6B4E-4483-89C6-9BCB026F3354}.Debug|Any CPU.ActiveCfg = Debug
		{47EE106D-6B4E-4483-89C6-9BCB026F3354}.Debug|Any CPU.Build.0 = Debug
		{47EE106D-6B4E-4483-89C6-9BCB026F3354}.Debug|Mixed Platforms.ActiveCfg = Debug
		{47EE106D-6B4E-4483-89C6-9BCB026F3354}.Debug|Mixed Platforms.Build.0 = Debug
		{47EE106D-6B4E-4483-89C6-9BCB026F3354}.Debug|x86.ActiveCfg = Debug
		{47EE106D-6B4E-4483-89C6-9BCB026F3354}.Debug|x86.Build.0 = Debug
		{47EE106D-6B4E-4483-89C6-9BCB026F3354}.Release|Any CPU.ActiveCfg = Release
		{47EE106D-6B4E-4483-89C6-9BCB026F3354}.Release|Any CPU.Build.0 = Release
		{47EE106D-6B4E-4483-89C6-9BCB026F3354}.Release|Mixed Platforms.ActiveCfg = Release
		{47EE106D-6B4E-4483-89C6-9BCB026F3354}.Release|Mixed Platforms.Build.0 = Release
		{47EE106D-6B4E-4483-89C6-9BCB026F3354}.Release|x86.ActiveCfg = Release
		{47EE106D-6B4E-4483-89C6-9BCB026F3354}.Release|x86.Build.0 = Release
		{3F8ACFD5-6A5B-4558-8E6A-115914DD451E}.Debug|Any CPU.ActiveCfg = Debug|Any CPU
		{3F8ACFD5-6A5B-4558-8E6A-115914DD451E}.Debug|Any CPU.Build.0 = Debug|Any CPU
		{3F8ACFD5-6A5B-4558-8E6A-115914DD451E}.Debug|Mixed Platforms.ActiveCfg = Debug|Any CPU
		{3F8ACFD5-6A5B-4558-8E6A-115914DD451E}.Debug|Mixed Platforms.Build.0 = Debug|Any CPU
		{3F8ACFD5-6A5B-4558-8E6A-115914DD451E}.Debug|x86.ActiveCfg = Debug|Any CPU
		{3F8ACFD5-6A5B-4558-8E6A-115914DD451E}.Release|Any CPU.ActiveCfg = Release|Any CPU
		{3F8ACFD5-6A5B-4558-8E6A-115914DD451E}.Release|Any CPU.Build.0 = Release|Any CPU
		{3F8ACFD5-6A5B-4558-8E6A-115914DD451E}.Release|Mixed Platforms.ActiveCfg = Release|Any CPU
		{3F8ACFD5-6A5B-4558-8E6A-115914DD451E}.Release|Mixed Platforms.Build.0 = Release|Any CPU
		{3F8ACFD5-6A5B-4558-8E6A-115914DD451E}.Release|x86.ActiveCfg = Release|Any CPU
		{25E07878-D074-49F0-B730-8849211E772A}.Debug|Any CPU.ActiveCfg = Debug|Any CPU
		{25E07878-D074-49F0-B730-8849211E772A}.Debug|Any CPU.Build.0 = Debug|Any CPU
		{25E07878-D074-49F0-B730-8849211E772A}.Debug|Mixed Platforms.ActiveCfg = Debug|Any CPU
		{25E07878-D074-49F0-B730-8849211E772A}.Debug|Mixed Platforms.Build.0 = Debug|Any CPU
		{25E07878-D074-49F0-B730-8849211E772A}.Debug|x86.ActiveCfg = Debug|Any CPU
		{25E07878-D074-49F0-B730-8849211E772A}.Release|Any CPU.ActiveCfg = Release|Any CPU
		{25E07878-D074-49F0-B730-8849211E772A}.Release|Any CPU.Build.0 = Release|Any CPU
		{25E07878-D074-49F0-B730-8849211E772A}.Release|Mixed Platforms.ActiveCfg = Release|Any CPU
		{25E07878-D074-49F0-B730-8849211E772A}.Release|Mixed Platforms.Build.0 = Release|Any CPU
		{25E07878-D074-49F0-B730-8849211E772A}.Release|x86.ActiveCfg = Release|Any CPU
	EndGlobalSection
	GlobalSection(SolutionProperties) = preSolution
		HideSolutionNode = FALSE
	EndGlobalSection
EndGlobal
